
Microsoft Visual Studio Solution File, Format Version 12.00
# Visual Studio Version 17
VisualStudioVersion = 17.5.002.0
MinimumVisualStudioVersion = 10.0.40219.1
Project("{9A19103F-16F7-4668-BE54-9A1E7A4F7556}") = "POOemCsharp", "POOemCsharp.csproj", "{96EF0CCD-B4EC-40A0-BCE1-E803665D3CE3}"
EndProject
Global
	GlobalSection(SolutionConfigurationPlatforms) = preSolution
		Debug|Any CPU = Debug|Any CPU
		Release|Any CPU = Release|Any CPU
	EndGlobalSection
	GlobalSection(ProjectConfigurationPlatforms) = postSolution
		{96EF0CCD-B4EC-40A0-BCE1-E803665D3CE3}.Debug|Any CPU.ActiveCfg = Debug|Any CPU
		{96EF0CCD-B4EC-40A0-BCE1-E803665D3CE3}.Debug|Any CPU.Build.0 = Debug|Any CPU
		{96EF0CCD-B4EC-40A0-BCE1-E803665D3CE3}.Release|Any CPU.ActiveCfg = Release|Any CPU
		{96EF0CCD-B4EC-40A0-BCE1-E803665D3CE3}.Release|Any CPU.Build.0 = Release|Any CPU
	EndGlobalSection
	GlobalSection(SolutionProperties) = preSolution
		HideSolutionNode = FALSE
	EndGlobalSection
	GlobalSection(ExtensibilityGlobals) = postSolution
		SolutionGuid = {F835745C-F166-414B-B297-4DF0F2C4FF90}
	EndGlobalSection
EndGlobal
